// !$*UTF8*$!
{
	archiveVersion = 1;
	classes = {
	};
	objectVersion = 46;
	objects = {

/* Begin PBXBuildFile section */
		66A6A1BF1BF916440068087A /* main.cpp in Sources */ = {isa = PBXBuildFile; fileRef = 66A6A1BE1BF916440068087A /* main.cpp */; };
		66A6A1C71BF916740068087A /* tabelahash.cpp in Sources */ = {isa = PBXBuildFile; fileRef = 66A6A1C51BF916740068087A /* tabelahash.cpp */; settings = {ASSET_TAGS = (); }; };
		66A6A1CA1BF916DD0068087A /* lista.cpp in Sources */ = {isa = PBXBuildFile; fileRef = 66A6A1C81BF916DD0068087A /* lista.cpp */; settings = {ASSET_TAGS = (); }; };
/* End PBXBuildFile section */

/* Begin PBXCopyFilesBuildPhase section */
		66A6A1B91BF916440068087A /* CopyFiles */ = {
			isa = PBXCopyFilesBuildPhase;
			buildActionMask = 2147483647;
			dstPath = /usr/share/man/man1/;
			dstSubfolderSpec = 0;
			files = (
			);
			runOnlyForDeploymentPostprocessing = 1;
		};
/* End PBXCopyFilesBuildPhase section */

/* Begin PBXFileReference section */
		66A6A1BB1BF916440068087A /* Hash Table */ = {isa = PBXFileReference; explicitFileType = "compiled.mach-o.executable"; includeInIndex = 0; path = "Hash Table"; sourceTree = BUILT_PRODUCTS_DIR; };
		66A6A1BE1BF916440068087A /* main.cpp */ = {isa = PBXFileReference; lastKnownFileType = sourcecode.cpp.cpp; path = main.cpp; sourceTree = "<group>"; };
		66A6A1C51BF916740068087A /* tabelahash.cpp */ = {isa = PBXFileReference; fileEncoding = 4; lastKnownFileType = sourcecode.cpp.cpp; path = tabelahash.cpp; sourceTree = "<group>"; };
		66A6A1C61BF916740068087A /* tabelahash.hpp */ = {isa = PBXFileReference; fileEncoding = 4; lastKnownFileType = sourcecode.cpp.h; path = tabelahash.hpp; sourceTree = "<group>"; };
		66A6A1C81BF916DD0068087A /* lista.cpp */ = {isa = PBXFileReference; fileEncoding = 4; lastKnownFileType = sourcecode.cpp.cpp; path = lista.cpp; sourceTree = "<group>"; };
		66A6A1C91BF916DD0068087A /* lista.hpp */ = {isa = PBXFileReference; fileEncoding = 4; lastKnownFileType = sourcecode.cpp.h; path = lista.hpp; sourceTree = "<group>"; };
/* End PBXFileReference section */

/* Begin PBXFrameworksBuildPhase section */
		66A6A1B81BF916440068087A /* Frameworks */ = {
			isa = PBXFrameworksBuildPhase;
			buildActionMask = 2147483647;
			files = (
			);
			runOnlyForDeploymentPostprocessing = 0;
		};
/* End PBXFrameworksBuildPhase section */

/* Begin PBXGroup section */
		66A6A1B21BF916440068087A = {
			isa = PBXGroup;
			children = (
				66A6A1BD1BF916440068087A /* Hash Table */,
				66A6A1BC1BF916440068087A /* Products */,
			);
			sourceTree = "<group>";
		};
		66A6A1BC1BF916440068087A /* Products */ = {
			isa = PBXGroup;
			children = (
				66A6A1BB1BF916440068087A /* Hash Table */,
			);
			name = Products;
			sourceTree = "<group>";
		};
		66A6A1BD1BF916440068087A /* Hash Table */ = {
			isa = PBXGroup;
			children = (
				66A6A1BE1BF916440068087A /* main.cpp */,
				66A6A1C51BF916740068087A /* tabelahash.cpp */,
				66A6A1C61BF916740068087A /* tabelahash.hpp */,
				66A6A1C81BF916DD0068087A /* lista.cpp */,
				66A6A1C91BF916DD0068087A /* lista.hpp */,
			);
			path = "Hash Table";
			sourceTree = "<group>";
		};
/* End PBXGroup section */

/* Begin PBXNativeTarget section */
		66A6A1BA1BF916440068087A /* Hash Table */ = {
			isa = PBXNativeTarget;
			buildConfigurationList = 66A6A1C21BF916440068087A /* Build configuration list for PBXNativeTarget "Hash Table" */;
			buildPhases = (
				66A6A1B71BF916440068087A /* Sources */,
				66A6A1B81BF916440068087A /* Frameworks */,
				66A6A1B91BF916440068087A /* CopyFiles */,
			);
			buildRules = (
			);
			dependencies = (
			);
			name = "Hash Table";
			productName = "Hash Table";
			productReference = 66A6A1BB1BF916440068087A /* Hash Table */;
			productType = "com.apple.product-type.tool";
		};
/* End PBXNativeTarget section */

/* Begin PBXProject section */
		66A6A1B31BF916440068087A /* Project object */ = {
			isa = PBXProject;
			attributes = {
				LastUpgradeCheck = 0700;
				ORGANIZATIONNAME = "Diogo Magalhães Martins";
				TargetAttributes = {
					66A6A1BA1BF916440068087A = {
						CreatedOnToolsVersion = 7.0.1;
					};
				};
			};
			buildConfigurationList = 66A6A1B61BF916440068087A /* Build configuration list for PBXProject "Hash Table" */;
			compatibilityVersion = "Xcode 3.2";
			developmentRegion = English;
			hasScannedForEncodings = 0;
			knownRegions = (
				en,
			);
			mainGroup = 66A6A1B21BF916440068087A;
			productRefGroup = 66A6A1BC1BF916440068087A /* Products */;
			projectDirPath = "";
			projectRoot = "";
			targets = (
				66A6A1BA1BF916440068087A /* Hash Table */,
			);
		};
/* End PBXProject section */

/* Begin PBXSourcesBuildPhase section */
		66A6A1B71BF916440068087A /* Sources */ = {
			isa = PBXSourcesBuildPhase;
			buildActionMask = 2147483647;
			files = (
				66A6A1C71BF916740068087A /* tabelahash.cpp in Sources */,
				66A6A1BF1BF916440068087A /* main.cpp in Sources */,
				66A6A1CA1BF916DD0068087A /* lista.cpp in Sources */,
			);
			runOnlyForDeploymentPostprocessing = 0;
		};
/* End PBXSourcesBuildPhase section */

/* Begin XCBuildConfiguration section */
		66A6A1C01BF916440068087A /* Debug */ = {
			isa = XCBuildConfiguration;
			buildSettings = {
				ALWAYS_SEARCH_USER_PATHS = NO;
				CLANG_CXX_LANGUAGE_STANDARD = "gnu++0x";
				CLANG_CXX_LIBRARY = "libc++";
				CLANG_ENABLE_MODULES = YES;
				CLANG_ENABLE_OBJC_ARC = YES;
				CLANG_WARN_BOOL_CONVERSION = YES;
				CLANG_WARN_CONSTANT_CONVERSION = YES;
				CLANG_WARN_DIRECT_OBJC_ISA_USAGE = YES_ERROR;
				CLANG_WARN_EMPTY_BODY = YES;
				CLANG_WARN_ENUM_CONVERSION = YES;
				CLANG_WARN_INT_CONVERSION = YES;
				CLANG_WARN_OBJC_ROOT_CLASS = YES_ERROR;
				CLANG_WARN_UNREACHABLE_CODE = YES;
				CLANG_WARN__DUPLICATE_METHOD_MATCH = YES;
				COPY_PHASE_STRIP = NO;
				DEBUG_INFORMATION_FORMAT = dwarf;
				ENABLE_STRICT_OBJC_MSGSEND = YES;
				ENABLE_TESTABILITY = YES;
				GCC_C_LANGUAGE_STANDARD = gnu99;
				GCC_DYNAMIC_NO_PIC = NO;
				GCC_NO_COMMON_BLOCKS = YES;
				GCC_OPTIMIZATION_LEVEL = 0;
				GCC_PREPROCESSOR_DEFINITIONS = (
					"DEBUG=1",
					"$(inherited)",
				);
				GCC_WARN_64_TO_32_BIT_CONVERSION = YES;
				GCC_WARN_ABOUT_RETURN_TYPE = YES_ERROR;
				GCC_WARN_UNDECLARED_SELECTOR = YES;
				GCC_WARN_UNINITIALIZED_AUTOS = YES_AGGRESSIVE;
				GCC_WARN_UNUSED_FUNCTION = YES;
				GCC_WARN_UNUSED_VARIABLE = YES;
				MACOSX_DEPLOYMENT_TARGET = 10.10;
				MTL_ENABLE_DEBUG_INFO = YES;
				ONLY_ACTIVE_ARCH = YES;
				SDKROOT = macosx;
			};
			name = Debug;
		};
		66A6A1C11BF916440068087A /* Release */ = {
			isa = XCBuildConfiguration;
			buildSettings = {
				ALWAYS_SEARCH_USER_PATHS = NO;
				CLANG_CXX_LANGUAGE_STANDARD = "gnu++0x";
				CLANG_CXX_LIBRARY = "libc++";
				CLANG_ENABLE_MODULES = YES;
				CLANG_ENABLE_OBJC_ARC = YES;
				CLANG_WARN_BOOL_CONVERSION = YES;
				CLANG_WARN_CONSTANT_CONVERSION = YES;
				CLANG_WARN_DIRECT_OBJC_ISA_USAGE = YES_ERROR;
				CLANG_WARN_EMPTY_BODY = YES;
				CLANG_WARN_ENUM_CONVERSION = YES;
				CLANG_WARN_INT_CONVERSION = YES;
				CLANG_WARN_OBJC_ROOT_CLASS = YES_ERROR;
				CLANG_WARN_UNREACHABLE_CODE = YES;
				CLANG_WARN__DUPLICATE_METHOD_MATCH = YES;
				COPY_PHASE_STRIP = NO;
				DEBUG_INFORMATION_FORMAT = "dwarf-with-dsym";
				ENABLE_NS_ASSERTIONS = NO;
				ENABLE_STRICT_OBJC_MSGSEND = YES;
				GCC_C_LANGUAGE_STANDARD = gnu99;
				GCC_NO_COMMON_BLOCKS = YES;
				GCC_WARN_64_TO_32_BIT_CONVERSION = YES;
				GCC_WARN_ABOUT_RETURN_TYPE = YES_ERROR;
				GCC_WARN_UNDECLARED_SELECTOR = YES;
				GCC_WARN_UNINITIALIZED_AUTOS = YES_AGGRESSIVE;
				GCC_WARN_UNUSED_FUNCTION = YES;
				GCC_WARN_UNUSED_VARIABLE = YES;
				MACOSX_DEPLOYMENT_TARGET = 10.10;
				MTL_ENABLE_DEBUG_INFO = NO;
				SDKROOT = macosx;
			};
			name = Release;
		};
		66A6A1C31BF916440068087A /* Debug */ = {
			isa = XCBuildConfiguration;
			buildSettings = {
				PRODUCT_NAME = "$(TARGET_NAME)";
			};
			name = Debug;
		};
		66A6A1C41BF916440068087A /* Release */ = {
			isa = XCBuildConfiguration;
			buildSettings = {
				PRODUCT_NAME = "$(TARGET_NAME)";
			};
			name = Release;
		};
/* End XCBuildConfiguration section */

/* Begin XCConfigurationList section */
		66A6A1B61BF916440068087A /* Build configuration list for PBXProject "Hash Table" */ = {
			isa = XCConfigurationList;
			buildConfigurations = (
				66A6A1C01BF916440068087A /* Debug */,
				66A6A1C11BF916440068087A /* Release */,
			);
			defaultConfigurationIsVisible = 0;
			defaultConfigurationName = Release;
		};
		66A6A1C21BF916440068087A /* Build configuration list for PBXNativeTarget "Hash Table" */ = {
			isa = XCConfigurationList;
			buildConfigurations = (
				66A6A1C31BF916440068087A /* Debug */,
				66A6A1C41BF916440068087A /* Release */,
			);
			defaultConfigurationIsVisible = 0;
		};
/* End XCConfigurationList section */
	};
	rootObject = 66A6A1B31BF916440068087A /* Project object */;
}
